// !$*UTF8*$!
{
	archiveVersion = 1;
	classes = {
	};
	objectVersion = 46;
	objects = {

/* Begin PBXBuildFile section */
		E3EDB6DC1D5D25BD0033CCC2 /* AppDelegate.swift in Sources */ = {isa = PBXBuildFile; fileRef = E3EDB6DB1D5D25BD0033CCC2 /* AppDelegate.swift */; };
		E3EDB6DE1D5D25BD0033CCC2 /* ViewController.swift in Sources */ = {isa = PBXBuildFile; fileRef = E3EDB6DD1D5D25BD0033CCC2 /* ViewController.swift */; };
		E3EDB6E11D5D25BD0033CCC2 /* Main.storyboard in Resources */ = {isa = PBXBuildFile; fileRef = E3EDB6DF1D5D25BD0033CCC2 /* Main.storyboard */; };
		E3EDB6E31D5D25BD0033CCC2 /* Assets.xcassets in Resources */ = {isa = PBXBuildFile; fileRef = E3EDB6E21D5D25BD0033CCC2 /* Assets.xcassets */; };
		E3EDB6E61D5D25BD0033CCC2 /* LaunchScreen.storyboard in Resources */ = {isa = PBXBuildFile; fileRef = E3EDB6E41D5D25BD0033CCC2 /* LaunchScreen.storyboard */; };
		E3EDB6EE1D5D278D0033CCC2 /* GasFlames.mov in Resources */ = {isa = PBXBuildFile; fileRef = E3EDB6ED1D5D278D0033CCC2 /* GasFlames.mov */; };
		E3EDB6F71D5D2C6E0033CCC2 /* IHLoopingVideoPlayerView.swift in Sources */ = {isa = PBXBuildFile; fileRef = E3EDB6F41D5D2C6E0033CCC2 /* IHLoopingVideoPlayerView.swift */; };
		E3EDB6F81D5D2C6E0033CCC2 /* IHVideoPlayerView.swift in Sources */ = {isa = PBXBuildFile; fileRef = E3EDB6F61D5D2C6E0033CCC2 /* IHVideoPlayerView.swift */; };
		E3F6E3951D81C25300C693F2 /* kuala_lumpur_timelapse.mp4 in Resources */ = {isa = PBXBuildFile; fileRef = E3F6E3941D81C23000C693F2 /* kuala_lumpur_timelapse.mp4 */; };
/* End PBXBuildFile section */

/* Begin PBXFileReference section */
		E3EDB6D81D5D25BD0033CCC2 /* IHLoopingVideoPlayerViewDemo.app */ = {isa = PBXFileReference; explicitFileType = wrapper.application; includeInIndex = 0; path = IHLoopingVideoPlayerViewDemo.app; sourceTree = BUILT_PRODUCTS_DIR; };
		E3EDB6DB1D5D25BD0033CCC2 /* AppDelegate.swift */ = {isa = PBXFileReference; lastKnownFileType = sourcecode.swift; path = AppDelegate.swift; sourceTree = "<group>"; };
		E3EDB6DD1D5D25BD0033CCC2 /* ViewController.swift */ = {isa = PBXFileReference; lastKnownFileType = sourcecode.swift; path = ViewController.swift; sourceTree = "<group>"; };
		E3EDB6E01D5D25BD0033CCC2 /* Base */ = {isa = PBXFileReference; lastKnownFileType = file.storyboard; name = Base; path = Base.lproj/Main.storyboard; sourceTree = "<group>"; };
		E3EDB6E21D5D25BD0033CCC2 /* Assets.xcassets */ = {isa = PBXFileReference; lastKnownFileType = folder.assetcatalog; path = Assets.xcassets; sourceTree = "<group>"; };
		E3EDB6E51D5D25BD0033CCC2 /* Base */ = {isa = PBXFileReference; lastKnownFileType = file.storyboard; name = Base; path = Base.lproj/LaunchScreen.storyboard; sourceTree = "<group>"; };
		E3EDB6E71D5D25BD0033CCC2 /* Info.plist */ = {isa = PBXFileReference; lastKnownFileType = text.plist.xml; path = Info.plist; sourceTree = "<group>"; };
		E3EDB6ED1D5D278D0033CCC2 /* GasFlames.mov */ = {isa = PBXFileReference; lastKnownFileType = video.quicktime; path = GasFlames.mov; sourceTree = "<group>"; };
		E3EDB6F41D5D2C6E0033CCC2 /* IHLoopingVideoPlayerView.swift */ = {isa = PBXFileReference; fileEncoding = 4; lastKnownFileType = sourcecode.swift; path = IHLoopingVideoPlayerView.swift; sourceTree = "<group>"; };
		E3EDB6F61D5D2C6E0033CCC2 /* IHVideoPlayerView.swift */ = {isa = PBXFileReference; fileEncoding = 4; lastKnownFileType = sourcecode.swift; path = IHVideoPlayerView.swift; sourceTree = "<group>"; };
		E3F6E3941D81C23000C693F2 /* kuala_lumpur_timelapse.mp4 */ = {isa = PBXFileReference; lastKnownFileType = file; path = kuala_lumpur_timelapse.mp4; sourceTree = "<group>"; };
/* End PBXFileReference section */

/* Begin PBXFrameworksBuildPhase section */
		E3EDB6D51D5D25BD0033CCC2 /* Frameworks */ = {
			isa = PBXFrameworksBuildPhase;
			buildActionMask = 2147483647;
			files = (
			);
			runOnlyForDeploymentPostprocessing = 0;
		};
/* End PBXFrameworksBuildPhase section */

/* Begin PBXGroup section */
		E3EDB6CF1D5D25BD0033CCC2 = {
			isa = PBXGroup;
			children = (
				E3EDB6DA1D5D25BD0033CCC2 /* IHLoopingVideoPlayerViewDemo */,
				E3EDB6F31D5D2C6E0033CCC2 /* IHLoopingVideoPlayerView */,
				E3EDB6D91D5D25BD0033CCC2 /* Products */,
			);
			sourceTree = "<group>";
		};
		E3EDB6D91D5D25BD0033CCC2 /* Products */ = {
			isa = PBXGroup;
			children = (
				E3EDB6D81D5D25BD0033CCC2 /* IHLoopingVideoPlayerViewDemo.app */,
			);
			name = Products;
			sourceTree = "<group>";
		};
		E3EDB6DA1D5D25BD0033CCC2 /* IHLoopingVideoPlayerViewDemo */ = {
			isa = PBXGroup;
			children = (
				E3EDB6DB1D5D25BD0033CCC2 /* AppDelegate.swift */,
				E3F6E3941D81C23000C693F2 /* kuala_lumpur_timelapse.mp4 */,
				E3EDB6ED1D5D278D0033CCC2 /* GasFlames.mov */,
				E3EDB6DD1D5D25BD0033CCC2 /* ViewController.swift */,
				E3EDB6DF1D5D25BD0033CCC2 /* Main.storyboard */,
				E3EDB6E21D5D25BD0033CCC2 /* Assets.xcassets */,
				E3EDB6E41D5D25BD0033CCC2 /* LaunchScreen.storyboard */,
				E3EDB6E71D5D25BD0033CCC2 /* Info.plist */,
			);
			path = IHLoopingVideoPlayerViewDemo;
			sourceTree = "<group>";
		};
		E3EDB6F31D5D2C6E0033CCC2 /* IHLoopingVideoPlayerView */ = {
			isa = PBXGroup;
			children = (
				E3EDB6F41D5D2C6E0033CCC2 /* IHLoopingVideoPlayerView.swift */,
				E3EDB6F51D5D2C6E0033CCC2 /* Views */,
			);
			path = IHLoopingVideoPlayerView;
			sourceTree = "<group>";
		};
		E3EDB6F51D5D2C6E0033CCC2 /* Views */ = {
			isa = PBXGroup;
			children = (
				E3EDB6F61D5D2C6E0033CCC2 /* IHVideoPlayerView.swift */,
			);
			path = Views;
			sourceTree = "<group>";
		};
/* End PBXGroup section */

/* Begin PBXNativeTarget section */
		E3EDB6D71D5D25BD0033CCC2 /* IHLoopingVideoPlayerViewDemo */ = {
			isa = PBXNativeTarget;
			buildConfigurationList = E3EDB6EA1D5D25BD0033CCC2 /* Build configuration list for PBXNativeTarget "IHLoopingVideoPlayerViewDemo" */;
			buildPhases = (
				E3EDB6D41D5D25BD0033CCC2 /* Sources */,
				E3EDB6D51D5D25BD0033CCC2 /* Frameworks */,
				E3EDB6D61D5D25BD0033CCC2 /* Resources */,
			);
			buildRules = (
			);
			dependencies = (
			);
			name = IHLoopingVideoPlayerViewDemo;
			productName = IHLoopingVideoPlayerViewDemo;
			productReference = E3EDB6D81D5D25BD0033CCC2 /* IHLoopingVideoPlayerViewDemo.app */;
			productType = "com.apple.product-type.application";
		};
/* End PBXNativeTarget section */

/* Begin PBXProject section */
		E3EDB6D01D5D25BD0033CCC2 /* Project object */ = {
			isa = PBXProject;
			attributes = {
				LastSwiftUpdateCheck = 0730;
				LastUpgradeCheck = 0820;
				ORGANIZATIONNAME = "Ishan Handa";
				TargetAttributes = {
					E3EDB6D71D5D25BD0033CCC2 = {
						CreatedOnToolsVersion = 7.3.1;
						LastSwiftMigration = 0820;
					};
				};
			};
			buildConfigurationList = E3EDB6D31D5D25BD0033CCC2 /* Build configuration list for PBXProject "IHLoopingVideoPlayerViewDemo" */;
			compatibilityVersion = "Xcode 3.2";
			developmentRegion = English;
			hasScannedForEncodings = 0;
			knownRegions = (
				en,
				Base,
			);
			mainGroup = E3EDB6CF1D5D25BD0033CCC2;
			productRefGroup = E3EDB6D91D5D25BD0033CCC2 /* Products */;
			projectDirPath = "";
			projectRoot = "";
			targets = (
				E3EDB6D71D5D25BD0033CCC2 /* IHLoopingVideoPlayerViewDemo */,
			);
		};
/* End PBXProject section */

/* Begin PBXResourcesBuildPhase section */
		E3EDB6D61D5D25BD0033CCC2 /* Resources */ = {
			isa = PBXResourcesBuildPhase;
			buildActionMask = 2147483647;
			files = (
				E3EDB6EE1D5D278D0033CCC2 /* GasFlames.mov in Resources */,
				E3EDB6E61D5D25BD0033CCC2 /* LaunchScreen.storyboard in Resources */,
				E3F6E3951D81C25300C693F2 /* kuala_lumpur_timelapse.mp4 in Resources */,
				E3EDB6E31D5D25BD0033CCC2 /* Assets.xcassets in Resources */,
				E3EDB6E11D5D25BD0033CCC2 /* Main.storyboard in Resources */,
			);
			runOnlyForDeploymentPostprocessing = 0;
		};
/* End PBXResourcesBuildPhase section */

/* Begin PBXSourcesBuildPhase section */
		E3EDB6D41D5D25BD0033CCC2 /* Sources */ = {
			isa = PBXSourcesBuildPhase;
			buildActionMask = 2147483647;
			files = (
				E3EDB6DE1D5D25BD0033CCC2 /* ViewController.swift in Sources */,
				E3EDB6DC1D5D25BD0033CCC2 /* AppDelegate.swift in Sources */,
				E3EDB6F81D5D2C6E0033CCC2 /* IHVideoPlayerView.swift in Sources */,
				E3EDB6F71D5D2C6E0033CCC2 /* IHLoopingVideoPlayerView.swift in Sources */,
			);
			runOnlyForDeploymentPostprocessing = 0;
		};
/* End PBXSourcesBuildPhase section */

/* Begin PBXVariantGroup section */
		E3EDB6DF1D5D25BD0033CCC2 /* Main.storyboard */ = {
			isa = PBXVariantGroup;
			children = (
				E3EDB6E01D5D25BD0033CCC2 /* Base */,
			);
			name = Main.storyboard;
			sourceTree = "<group>";
		};
		E3EDB6E41D5D25BD0033CCC2 /* LaunchScreen.storyboard */ = {
			isa = PBXVariantGroup;
			children = (
				E3EDB6E51D5D25BD0033CCC2 /* Base */,
			);
			name = LaunchScreen.storyboard;
			sourceTree = "<group>";
		};
/* End PBXVariantGroup section */

/* Begin XCBuildConfiguration section */
		E3EDB6E81D5D25BD0033CCC2 /* Debug */ = {
			isa = XCBuildConfiguration;
			buildSettings = {
				ALWAYS_SEARCH_USER_PATHS = NO;
				CLANG_ANALYZER_NONNULL = YES;
				CLANG_CXX_LANGUAGE_STANDARD = "gnu++0x";
				CLANG_CXX_LIBRARY = "libc++";
				CLANG_ENABLE_MODULES = YES;
				CLANG_ENABLE_OBJC_ARC = YES;
				CLANG_WARN_BOOL_CONVERSION = YES;
				CLANG_WARN_CONSTANT_CONVERSION = YES;
				CLANG_WARN_DIRECT_OBJC_ISA_USAGE = YES_ERROR;
				CLANG_WARN_EMPTY_BODY = YES;
				CLANG_WARN_ENUM_CONVERSION = YES;
				CLANG_WARN_INFINITE_RECURSION = YES;
				CLANG_WARN_INT_CONVERSION = YES;
				CLANG_WARN_OBJC_ROOT_CLASS = YES_ERROR;
				CLANG_WARN_SUSPICIOUS_MOVE = YES;
				CLANG_WARN_UNREACHABLE_CODE = YES;
				CLANG_WARN__DUPLICATE_METHOD_MATCH = YES;
				"CODE_SIGN_IDENTITY[sdk=iphoneos*]" = "iPhone Developer";
				COPY_PHASE_STRIP = NO;
				DEBUG_INFORMATION_FORMAT = dwarf;
				ENABLE_STRICT_OBJC_MSGSEND = YES;
				ENABLE_TESTABILITY = YES;
				GCC_C_LANGUAGE_STANDARD = gnu99;
				GCC_DYNAMIC_NO_PIC = NO;
				GCC_NO_COMMON_BLOCKS = YES;
				GCC_OPTIMIZATION_LEVEL = 0;
				GCC_PREPROCESSOR_DEFINITIONS = (
					"DEBUG=1",
					"$(inherited)",
				);
				GCC_WARN_64_TO_32_BIT_CONVERSION = YES;
				GCC_WARN_ABOUT_RETURN_TYPE = YES_ERROR;
				GCC_WARN_UNDECLARED_SELECTOR = YES;
				GCC_WARN_UNINITIALIZED_AUTOS = YES_AGGRESSIVE;
				GCC_WARN_UNUSED_FUNCTION = YES;
				GCC_WARN_UNUSED_VARIABLE = YES;
				IPHONEOS_DEPLOYMENT_TARGET = 9.3;
				MTL_ENABLE_DEBUG_INFO = YES;
				ONLY_ACTIVE_ARCH = YES;
				SDKROOT = iphoneos;
				SWIFT_OPTIMIZATION_LEVEL = "-Onone";
			};
			name = Debug;
		};
		E3EDB6E91D5D25BD0033CCC2 /* Release */ = {
			isa = XCBuildConfiguration;
			buildSettings = {
				ALWAYS_SEARCH_USER_PATHS = NO;
				CLANG_ANALYZER_NONNULL = YES;
				CLANG_CXX_LANGUAGE_STANDARD = "gnu++0x";
				CLANG_CXX_LIBRARY = "libc++";
				CLANG_ENABLE_MODULES = YES;
				CLANG_ENABLE_OBJC_ARC = YES;
				CLANG_WARN_BOOL_CONVERSION = YES;
				CLANG_WARN_CONSTANT_CONVERSION = YES;
				CLANG_WARN_DIRECT_OBJC_ISA_USAGE = YES_ERROR;
				CLANG_WARN_EMPTY_BODY = YES;
				CLANG_WARN_ENUM_CONVERSION = YES;
				CLANG_WARN_INFINITE_RECURSION = YES;
				CLANG_WARN_INT_CONVERSION = YES;
				CLANG_WARN_OBJC_ROOT_CLASS = YES_ERROR;
				CLANG_WARN_SUSPICIOUS_MOVE = YES;
				CLANG_WARN_UNREACHABLE_CODE = YES;
				CLANG_WARN__DUPLICATE_METHOD_MATCH = YES;
				"CODE_SIGN_IDENTITY[sdk=iphoneos*]" = "iPhone Developer";
				COPY_PHASE_STRIP = NO;
				DEBUG_INFORMATION_FORMAT = "dwarf-with-dsym";
				ENABLE_NS_ASSERTIONS = NO;
				ENABLE_STRICT_OBJC_MSGSEND = YES;
				GCC_C_LANGUAGE_STANDARD = gnu99;
				GCC_NO_COMMON_BLOCKS = YES;
				GCC_WARN_64_TO_32_BIT_CONVERSION = YES;
				GCC_WARN_ABOUT_RETURN_TYPE = YES_ERROR;
				GCC_WARN_UNDECLARED_SELECTOR = YES;
				GCC_WARN_UNINITIALIZED_AUTOS = YES_AGGRESSIVE;
				GCC_WARN_UNUSED_FUNCTION = YES;
				GCC_WARN_UNUSED_VARIABLE = YES;
				IPHONEOS_DEPLOYMENT_TARGET = 9.3;
				MTL_ENABLE_DEBUG_INFO = NO;
				SDKROOT = iphoneos;
				SWIFT_OPTIMIZATION_LEVEL = "-Owholemodule";
				VALIDATE_PRODUCT = YES;
			};
			name = Release;
		};
		E3EDB6EB1D5D25BD0033CCC2 /* Debug */ = {
			isa = XCBuildConfiguration;
			buildSettings = {
				ASSETCATALOG_COMPILER_APPICON_NAME = AppIcon;
				INFOPLIST_FILE = IHLoopingVideoPlayerViewDemo/Info.plist;
				LD_RUNPATH_SEARCH_PATHS = "$(inherited) @executable_path/Frameworks";
				PRODUCT_BUNDLE_IDENTIFIER = com.IshanHanda.IHLoopingVideoPlayerViewDemo;
				PRODUCT_NAME = "$(TARGET_NAME)";
				SWIFT_VERSION = 3.0;
			};
			name = Debug;
		};
		E3EDB6EC1D5D25BD0033CCC2 /* Release */ = {
			isa = XCBuildConfiguration;
			buildSettings = {
				ASSETCATALOG_COMPILER_APPICON_NAME = AppIcon;
				INFOPLIST_FILE = IHLoopingVideoPlayerViewDemo/Info.plist;
				LD_RUNPATH_SEARCH_PATHS = "$(inherited) @executable_path/Frameworks";
				PRODUCT_BUNDLE_IDENTIFIER = com.IshanHanda.IHLoopingVideoPlayerViewDemo;
				PRODUCT_NAME = "$(TARGET_NAME)";
				SWIFT_VERSION = 3.0;
			};
			name = Release;
		};
/* End XCBuildConfiguration section */

/* Begin XCConfigurationList section */
		E3EDB6D31D5D25BD0033CCC2 /* Build configuration list for PBXProject "IHLoopingVideoPlayerViewDemo" */ = {
			isa = XCConfigurationList;
			buildConfigurations = (
				E3EDB6E81D5D25BD0033CCC2 /* Debug */,
				E3EDB6E91D5D25BD0033CCC2 /* Release */,
			);
			defaultConfigurationIsVisible = 0;
			defaultConfigurationName = Release;
		};
		E3EDB6EA1D5D25BD0033CCC2 /* Build configuration list for PBXNativeTarget "IHLoopingVideoPlayerViewDemo" */ = {
			isa = XCConfigurationList;
			buildConfigurations = (
				E3EDB6EB1D5D25BD0033CCC2 /* Debug */,
				E3EDB6EC1D5D25BD0033CCC2 /* Release */,
			);
			defaultConfigurationIsVisible = 0;
			defaultConfigurationName = Release;
		};
/* End XCConfigurationList section */
	};
	rootObject = E3EDB6D01D5D25BD0033CCC2 /* Project object */;
}
